
Microsoft Visual Studio Solution File, Format Version 12.00
# Visual Studio Version 17
VisualStudioVersion = 17.14.35906.104 d17.14
MinimumVisualStudioVersion = 10.0.40219.1
Project("{FAE04EC0-301F-11D3-BF4B-00C04F79EFBC}") = "A10B", "A10B.csproj", "{C5C0A0D1-486D-4DE2-A2BE-49BDE45266E6}"
EndProject
Global
	GlobalSection(SolutionConfigurationPlatforms) = preSolution
		Debug|Any CPU = Debug|Any CPU
		Release|Any CPU = Release|Any CPU
	EndGlobalSection
	GlobalSection(ProjectConfigurationPlatforms) = postSolution
		{C5C0A0D1-486D-4DE2-A2BE-49BDE45266E6}.Debug|Any CPU.ActiveCfg = Debug|Any CPU
		{C5C0A0D1-486D-4DE2-A2BE-49BDE45266E6}.Debug|Any CPU.Build.0 = Debug|Any CPU
		{C5C0A0D1-486D-4DE2-A2BE-49BDE45266E6}.Release|Any CPU.ActiveCfg = Release|Any CPU
		{C5C0A0D1-486D-4DE2-A2BE-49BDE45266E6}.Release|Any CPU.Build.0 = Release|Any CPU
	EndGlobalSection
	GlobalSection(SolutionProperties) = preSolution
		HideSolutionNode = FALSE
	EndGlobalSection
	GlobalSection(ExtensibilityGlobals) = postSolution
		SolutionGuid = {87CA7C3B-B2DA-4F99-B5A9-C704D00E8756}
	EndGlobalSection
EndGlobal
